
Microsoft Visual Studio Solution File, Format Version 12.00
# Visual Studio Version 16
VisualStudioVersion = 16.0.30523.141
MinimumVisualStudioVersion = 10.0.40219.1
Project("{FAE04EC0-301F-11D3-BF4B-00C04F79EFBC}") = "HelloRoachEF", "HelloRoachEF\HelloRoachEF.csproj", "{A48E9418-7587-43EE-B114-64316EE5AF7F}"
EndProject
Global
	GlobalSection(SolutionConfigurationPlatforms) = preSolution
		Debug|Any CPU = Debug|Any CPU
		Release|Any CPU = Release|Any CPU
	EndGlobalSection
	GlobalSection(ProjectConfigurationPlatforms) = postSolution
		{A48E9418-7587-43EE-B114-64316EE5AF7F}.Debug|Any CPU.ActiveCfg = Debug|Any CPU
		{A48E9418-7587-43EE-B114-64316EE5AF7F}.Debug|Any CPU.Build.0 = Debug|Any CPU
		{A48E9418-7587-43EE-B114-64316EE5AF7F}.Release|Any CPU.ActiveCfg = Release|Any CPU
		{A48E9418-7587-43EE-B114-64316EE5AF7F}.Release|Any CPU.Build.0 = Release|Any CPU
	EndGlobalSection
	GlobalSection(SolutionProperties) = preSolution
		HideSolutionNode = FALSE
	EndGlobalSection
	GlobalSection(ExtensibilityGlobals) = postSolution
		SolutionGuid = {F7407FC2-CEB8-44EA-A597-3A8E9B66BF80}
	EndGlobalSection
EndGlobal
